
Microsoft Visual Studio Solution File, Format Version 12.00
# Visual Studio 14
VisualStudioVersion = 14.0.24720.0
MinimumVisualStudioVersion = 10.0.40219.1
Project("{FAE04EC0-301F-11D3-BF4B-00C04F79EFBC}") = "Firmware Database", "VersionManagement\Firmware Database.csproj", "{DC558E4A-4B2A-4893-B7CA-76383084260B}"
EndProject
Global
	GlobalSection(SolutionConfigurationPlatforms) = preSolution
		CD_ROM|Any CPU = CD_ROM|Any CPU
		Debug|Any CPU = Debug|Any CPU
		DVD-5|Any CPU = DVD-5|Any CPU
		Release|Any CPU = Release|Any CPU
		SingleImage|Any CPU = SingleImage|Any CPU
	EndGlobalSection
	GlobalSection(ProjectConfigurationPlatforms) = postSolution
		{DC558E4A-4B2A-4893-B7CA-76383084260B}.CD_ROM|Any CPU.ActiveCfg = Release|Any CPU
		{DC558E4A-4B2A-4893-B7CA-76383084260B}.CD_ROM|Any CPU.Build.0 = Release|Any CPU
		{DC558E4A-4B2A-4893-B7CA-76383084260B}.Debug|Any CPU.ActiveCfg = Debug|Any CPU
		{DC558E4A-4B2A-4893-B7CA-76383084260B}.Debug|Any CPU.Build.0 = Debug|Any CPU
		{DC558E4A-4B2A-4893-B7CA-76383084260B}.DVD-5|Any CPU.ActiveCfg = Debug|Any CPU
		{DC558E4A-4B2A-4893-B7CA-76383084260B}.DVD-5|Any CPU.Build.0 = Debug|Any CPU
		{DC558E4A-4B2A-4893-B7CA-76383084260B}.Release|Any CPU.ActiveCfg = Release|Any CPU
		{DC558E4A-4B2A-4893-B7CA-76383084260B}.Release|Any CPU.Build.0 = Release|Any CPU
		{DC558E4A-4B2A-4893-B7CA-76383084260B}.SingleImage|Any CPU.ActiveCfg = Release|Any CPU
		{DC558E4A-4B2A-4893-B7CA-76383084260B}.SingleImage|Any CPU.Build.0 = Release|Any CPU
	EndGlobalSection
	GlobalSection(SolutionProperties) = preSolution
		HideSolutionNode = FALSE
	EndGlobalSection
EndGlobal
