
Microsoft Visual Studio Solution File, Format Version 12.00
# Visual Studio 2012
Project("{FAE04EC0-301F-11D3-BF4B-00C04F79EFBC}") = "T105266", "T105266\T105266.csproj", "{D010A0DE-5033-4B71-B196-3278229CAAFF}"
EndProject
Global
	GlobalSection(SolutionConfigurationPlatforms) = preSolution
		Debug|Any CPU = Debug|Any CPU
		Release|Any CPU = Release|Any CPU
	EndGlobalSection
	GlobalSection(ProjectConfigurationPlatforms) = postSolution
		{D010A0DE-5033-4B71-B196-3278229CAAFF}.Debug|Any CPU.ActiveCfg = Debug|Any CPU
		{D010A0DE-5033-4B71-B196-3278229CAAFF}.Debug|Any CPU.Build.0 = Debug|Any CPU
		{D010A0DE-5033-4B71-B196-3278229CAAFF}.Release|Any CPU.ActiveCfg = Release|Any CPU
		{D010A0DE-5033-4B71-B196-3278229CAAFF}.Release|Any CPU.Build.0 = Release|Any CPU
	EndGlobalSection
	GlobalSection(SolutionProperties) = preSolution
		HideSolutionNode = FALSE
	EndGlobalSection
EndGlobal
